--- 
dependencies: 
  MP4Info: 
    group: 
    - :default
    version: = 0.3.3
    require: 
    - mp4info
  faker: 
    group: 
    - :test
    version: = 0.3.1
  pg: 
    group: 
    - :production
    version: ">= 0"
  rails: 
    group: 
    - :default
    version: = 2.3.5
  ambethia-smtp-tls: 
    group: 
    - :default
    version: = 1.1.2
    require: 
    - smtp-tls
  sqlite3-ruby: 
    group: 
    - :development
    version: ">= 0"
    require: 
    - sqlite3
  machinist: 
    group: 
    - :test
    version: = 1.0.6
  mime-types: 
    group: 
    - :default
    version: = 1.16
    require: 
    - mime/types
  ruby-mp3info: 
    group: 
    - :default
    version: = 0.6.13
    require: 
    - mp3info
  mocha: 
    group: 
    - :test
    version: = 0.9.8
  devise: 
    group: 
    - :default
    version: = 0.8.2
  carrierwave: 
    group: 
    - :default
    version: = 0.4.4
  hoptoad_notifier: 
    group: 
    - :default
    version: = 2.1.3
  aws-s3: 
    group: 
    - :default
    version: = 0.6.2
    require: 
    - aws/s3
  warden: 
    group: 
    - :default
    version: = 0.8.1
  populator: 
    group: 
    - :test
    version: = 0.2.5
specs: 
- populator: 
    version: 0.2.5
- xml-simple: 
    version: 1.0.12
- builder: 
    version: 2.1.2
- activesupport: 
    version: 2.3.5
- actionmailer: 
    version: 2.3.5
- devise: 
    version: 0.8.2
- rack: 
    version: 1.0.1
- warden: 
    version: 0.8.1
- actionpack: 
    version: 2.3.5
- mime-types: 
    version: "1.16"
- aws-s3: 
    version: 0.6.2
- ruby-mp3info: 
    version: 0.6.13
- machinist: 
    version: 1.0.6
- sqlite3-ruby: 
    version: 1.2.5
- ambethia-smtp-tls: 
    version: 1.1.2
- rake: 
    version: 0.8.7
- mocha: 
    version: 0.9.8
- activerecord: 
    version: 2.3.5
- hoptoad_notifier: 
    version: 2.1.3
- carrierwave: 
    version: 0.4.4
- pg: 
    version: 0.8.0
- MP4Info: 
    version: 0.3.3
- activeresource: 
    version: 2.3.5
- rails: 
    version: 2.3.5
- faker: 
    version: 0.3.1
hash: b93e68c6ff9ad62f579f83e21000d661a0987529
sources: 
- Rubygems: 
    uri: http://gems.rubyforge.org
- Rubygems: 
    uri: http://gems.github.com
