--- 
dependencies: 
  MP4Info: 
    group: 
    - :default
    version: = 0.3.3
    require: 
    - mp4info
  faker: 
    group: 
    - :test
    version: = 0.3.1
  pg: 
    group: 
    - :production
    version: = 0.8.0
  rails: 
    group: 
    - :default
    version: = 2.3.5
  ambethia-smtp-tls: 
    group: 
    - :default
    version: = 1.1.2
    require: 
    - smtp-tls
  sqlite3-ruby: 
    group: 
    - :development
    version: = 1.2.5
    require: 
    - sqlite3
  machinist: 
    group: 
    - :test
    version: = 1.0.6
  ruby-mp3info: 
    group: 
    - :default
    version: = 0.6.13
    require: 
    - mp3info
  mime-types: 
    group: 
    - :default
    version: = 1.16
    require: 
    - mime/types
  mocha: 
    group: 
    - :test
    version: = 0.9.8
  devise: 
    group: 
    - :default
    version: ">= 0"
  carrierwave: 
    group: 
    - :default
    version: = 0.4.4
  hoptoad_notifier: 
    group: 
    - :default
    version: = 2.1.3
  warden: 
    group: 
    - :default
    version: = 0.9.3
  aws-s3: 
    group: 
    - :default
    version: = 0.6.2
    require: 
    - aws/s3
  populator: 
    group: 
    - :test
    version: = 0.2.5
specs: 
- xml-simple: 
    version: 1.0.12
- populator: 
    version: 0.2.5
- activesupport: 
    version: 2.3.5
- builder: 
    version: 2.1.2
- devise: 
    version: 1.0.2
    source: 0
- rack: 
    version: 1.0.1
- warden: 
    version: 0.9.3
- actionpack: 
    version: 2.3.5
- actionmailer: 
    version: 2.3.5
- ruby-mp3info: 
    version: 0.6.13
- mime-types: 
    version: "1.16"
- aws-s3: 
    version: 0.6.2
- machinist: 
    version: 1.0.6
- rake: 
    version: 0.8.7
- mocha: 
    version: 0.9.8
- ambethia-smtp-tls: 
    version: 1.1.2
- sqlite3-ruby: 
    version: 1.2.5
- pg: 
    version: 0.8.0
- activerecord: 
    version: 2.3.5
- hoptoad_notifier: 
    version: 2.1.3
- carrierwave: 
    version: 0.4.4
- MP4Info: 
    version: 0.3.3
- faker: 
    version: 0.3.1
- activeresource: 
    version: 2.3.5
- rails: 
    version: 2.3.5
hash: d842e0aa6bdb1063095624cb97c193e05fe592d7
sources: 
- Git: 
    uri: git://github.com/plataformatec/devise.git
    git: git://github.com/plataformatec/devise.git
    ref: 7f451ed9cca0e1f2dfe0cc88af50322401071753
- Rubygems: 
    uri: http://gems.rubyforge.org
- Rubygems: 
    uri: http://gems.github.com
